// !$*UTF8*$!
{
	archiveVersion = 1;
	classes = {
	};
	objectVersion = 50;
	objects = {

/* Begin PBXBuildFile section */
		9640EA6328A6E085001C81A6 /* AppDelegate.swift in Sources */ = {isa = PBXBuildFile; fileRef = 9640EA6228A6E085001C81A6 /* AppDelegate.swift */; };
		9640EA6528A6E085001C81A6 /* SceneDelegate.swift in Sources */ = {isa = PBXBuildFile; fileRef = 9640EA6428A6E085001C81A6 /* SceneDelegate.swift */; };
		9640EA6728A6E085001C81A6 /* ViewController.swift in Sources */ = {isa = PBXBuildFile; fileRef = 9640EA6628A6E085001C81A6 /* ViewController.swift */; };
		9640EA6A28A6E085001C81A6 /* Main.storyboard in Resources */ = {isa = PBXBuildFile; fileRef = 9640EA6828A6E085001C81A6 /* Main.storyboard */; };
		9640EA6D28A6E085001C81A6 /* register.xcdatamodeld in Sources */ = {isa = PBXBuildFile; fileRef = 9640EA6B28A6E085001C81A6 /* register.xcdatamodeld */; };
		9640EA6F28A6E0A4001C81A6 /* Assets.xcassets in Resources */ = {isa = PBXBuildFile; fileRef = 9640EA6E28A6E0A4001C81A6 /* Assets.xcassets */; };
		9640EA7228A6E0A5001C81A6 /* LaunchScreen.storyboard in Resources */ = {isa = PBXBuildFile; fileRef = 9640EA7028A6E0A5001C81A6 /* LaunchScreen.storyboard */; };
		9640EA7D28A6E0A5001C81A6 /* registerTests.swift in Sources */ = {isa = PBXBuildFile; fileRef = 9640EA7C28A6E0A5001C81A6 /* registerTests.swift */; };
		9640EA8828A6E0A5001C81A6 /* registerUITests.swift in Sources */ = {isa = PBXBuildFile; fileRef = 9640EA8728A6E0A5001C81A6 /* registerUITests.swift */; };
/* End PBXBuildFile section */

/* Begin PBXContainerItemProxy section */
		9640EA7928A6E0A5001C81A6 /* PBXContainerItemProxy */ = {
			isa = PBXContainerItemProxy;
			containerPortal = 9640EA5728A6E085001C81A6 /* Project object */;
			proxyType = 1;
			remoteGlobalIDString = 9640EA5E28A6E085001C81A6;
			remoteInfo = register;
		};
		9640EA8428A6E0A5001C81A6 /* PBXContainerItemProxy */ = {
			isa = PBXContainerItemProxy;
			containerPortal = 9640EA5728A6E085001C81A6 /* Project object */;
			proxyType = 1;
			remoteGlobalIDString = 9640EA5E28A6E085001C81A6;
			remoteInfo = register;
		};
/* End PBXContainerItemProxy section */

/* Begin PBXFileReference section */
		9640EA5F28A6E085001C81A6 /* register.app */ = {isa = PBXFileReference; explicitFileType = wrapper.application; includeInIndex = 0; path = register.app; sourceTree = BUILT_PRODUCTS_DIR; };
		9640EA6228A6E085001C81A6 /* AppDelegate.swift */ = {isa = PBXFileReference; lastKnownFileType = sourcecode.swift; path = AppDelegate.swift; sourceTree = "<group>"; };
		9640EA6428A6E085001C81A6 /* SceneDelegate.swift */ = {isa = PBXFileReference; lastKnownFileType = sourcecode.swift; path = SceneDelegate.swift; sourceTree = "<group>"; };
		9640EA6628A6E085001C81A6 /* ViewController.swift */ = {isa = PBXFileReference; lastKnownFileType = sourcecode.swift; path = ViewController.swift; sourceTree = "<group>"; };
		9640EA6928A6E085001C81A6 /* Base */ = {isa = PBXFileReference; lastKnownFileType = file.storyboard; name = Base; path = Base.lproj/Main.storyboard; sourceTree = "<group>"; };
		9640EA6C28A6E085001C81A6 /* register.xcdatamodel */ = {isa = PBXFileReference; lastKnownFileType = wrapper.xcdatamodel; path = register.xcdatamodel; sourceTree = "<group>"; };
		9640EA6E28A6E0A4001C81A6 /* Assets.xcassets */ = {isa = PBXFileReference; lastKnownFileType = folder.assetcatalog; path = Assets.xcassets; sourceTree = "<group>"; };
		9640EA7128A6E0A5001C81A6 /* Base */ = {isa = PBXFileReference; lastKnownFileType = file.storyboard; name = Base; path = Base.lproj/LaunchScreen.storyboard; sourceTree = "<group>"; };
		9640EA7328A6E0A5001C81A6 /* Info.plist */ = {isa = PBXFileReference; lastKnownFileType = text.plist.xml; path = Info.plist; sourceTree = "<group>"; };
		9640EA7828A6E0A5001C81A6 /* registerTests.xctest */ = {isa = PBXFileReference; explicitFileType = wrapper.cfbundle; includeInIndex = 0; path = registerTests.xctest; sourceTree = BUILT_PRODUCTS_DIR; };
		9640EA7C28A6E0A5001C81A6 /* registerTests.swift */ = {isa = PBXFileReference; lastKnownFileType = sourcecode.swift; path = registerTests.swift; sourceTree = "<group>"; };
		9640EA7E28A6E0A5001C81A6 /* Info.plist */ = {isa = PBXFileReference; lastKnownFileType = text.plist.xml; path = Info.plist; sourceTree = "<group>"; };
		9640EA8328A6E0A5001C81A6 /* registerUITests.xctest */ = {isa = PBXFileReference; explicitFileType = wrapper.cfbundle; includeInIndex = 0; path = registerUITests.xctest; sourceTree = BUILT_PRODUCTS_DIR; };
		9640EA8728A6E0A5001C81A6 /* registerUITests.swift */ = {isa = PBXFileReference; lastKnownFileType = sourcecode.swift; path = registerUITests.swift; sourceTree = "<group>"; };
		9640EA8928A6E0A5001C81A6 /* Info.plist */ = {isa = PBXFileReference; lastKnownFileType = text.plist.xml; path = Info.plist; sourceTree = "<group>"; };
/* End PBXFileReference section */

/* Begin PBXFrameworksBuildPhase section */
		9640EA5C28A6E085001C81A6 /* Frameworks */ = {
			isa = PBXFrameworksBuildPhase;
			buildActionMask = 2147483647;
			files = (
			);
			runOnlyForDeploymentPostprocessing = 0;
		};
		9640EA7528A6E0A5001C81A6 /* Frameworks */ = {
			isa = PBXFrameworksBuildPhase;
			buildActionMask = 2147483647;
			files = (
			);
			runOnlyForDeploymentPostprocessing = 0;
		};
		9640EA8028A6E0A5001C81A6 /* Frameworks */ = {
			isa = PBXFrameworksBuildPhase;
			buildActionMask = 2147483647;
			files = (
			);
			runOnlyForDeploymentPostprocessing = 0;
		};
/* End PBXFrameworksBuildPhase section */

/* Begin PBXGroup section */
		9640EA5628A6E085001C81A6 = {
			isa = PBXGroup;
			children = (
				9640EA6128A6E085001C81A6 /* register */,
				9640EA7B28A6E0A5001C81A6 /* registerTests */,
				9640EA8628A6E0A5001C81A6 /* registerUITests */,
				9640EA6028A6E085001C81A6 /* Products */,
			);
			sourceTree = "<group>";
		};
		9640EA6028A6E085001C81A6 /* Products */ = {
			isa = PBXGroup;
			children = (
				9640EA5F28A6E085001C81A6 /* register.app */,
				9640EA7828A6E0A5001C81A6 /* registerTests.xctest */,
				9640EA8328A6E0A5001C81A6 /* registerUITests.xctest */,
			);
			name = Products;
			sourceTree = "<group>";
		};
		9640EA6128A6E085001C81A6 /* register */ = {
			isa = PBXGroup;
			children = (
				9640EA6228A6E085001C81A6 /* AppDelegate.swift */,
				9640EA6428A6E085001C81A6 /* SceneDelegate.swift */,
				9640EA6628A6E085001C81A6 /* ViewController.swift */,
				9640EA6828A6E085001C81A6 /* Main.storyboard */,
				9640EA6E28A6E0A4001C81A6 /* Assets.xcassets */,
				9640EA7028A6E0A5001C81A6 /* LaunchScreen.storyboard */,
				9640EA7328A6E0A5001C81A6 /* Info.plist */,
				9640EA6B28A6E085001C81A6 /* register.xcdatamodeld */,
			);
			path = register;
			sourceTree = "<group>";
		};
		9640EA7B28A6E0A5001C81A6 /* registerTests */ = {
			isa = PBXGroup;
			children = (
				9640EA7C28A6E0A5001C81A6 /* registerTests.swift */,
				9640EA7E28A6E0A5001C81A6 /* Info.plist */,
			);
			path = registerTests;
			sourceTree = "<group>";
		};
		9640EA8628A6E0A5001C81A6 /* registerUITests */ = {
			isa = PBXGroup;
			children = (
				9640EA8728A6E0A5001C81A6 /* registerUITests.swift */,
				9640EA8928A6E0A5001C81A6 /* Info.plist */,
			);
			path = registerUITests;
			sourceTree = "<group>";
		};
/* End PBXGroup section */

/* Begin PBXNativeTarget section */
		9640EA5E28A6E085001C81A6 /* register */ = {
			isa = PBXNativeTarget;
			buildConfigurationList = 9640EA8C28A6E0A5001C81A6 /* Build configuration list for PBXNativeTarget "register" */;
			buildPhases = (
				9640EA5B28A6E085001C81A6 /* Sources */,
				9640EA5C28A6E085001C81A6 /* Frameworks */,
				9640EA5D28A6E085001C81A6 /* Resources */,
			);
			buildRules = (
			);
			dependencies = (
			);
			name = register;
			productName = register;
			productReference = 9640EA5F28A6E085001C81A6 /* register.app */;
			productType = "com.apple.product-type.application";
		};
		9640EA7728A6E0A5001C81A6 /* registerTests */ = {
			isa = PBXNativeTarget;
			buildConfigurationList = 9640EA8F28A6E0A5001C81A6 /* Build configuration list for PBXNativeTarget "registerTests" */;
			buildPhases = (
				9640EA7428A6E0A5001C81A6 /* Sources */,
				9640EA7528A6E0A5001C81A6 /* Frameworks */,
				9640EA7628A6E0A5001C81A6 /* Resources */,
			);
			buildRules = (
			);
			dependencies = (
				9640EA7A28A6E0A5001C81A6 /* PBXTargetDependency */,
			);
			name = registerTests;
			productName = registerTests;
			productReference = 9640EA7828A6E0A5001C81A6 /* registerTests.xctest */;
			productType = "com.apple.product-type.bundle.unit-test";
		};
		9640EA8228A6E0A5001C81A6 /* registerUITests */ = {
			isa = PBXNativeTarget;
			buildConfigurationList = 9640EA9228A6E0A5001C81A6 /* Build configuration list for PBXNativeTarget "registerUITests" */;
			buildPhases = (
				9640EA7F28A6E0A5001C81A6 /* Sources */,
				9640EA8028A6E0A5001C81A6 /* Frameworks */,
				9640EA8128A6E0A5001C81A6 /* Resources */,
			);
			buildRules = (
			);
			dependencies = (
				9640EA8528A6E0A5001C81A6 /* PBXTargetDependency */,
			);
			name = registerUITests;
			productName = registerUITests;
			productReference = 9640EA8328A6E0A5001C81A6 /* registerUITests.xctest */;
			productType = "com.apple.product-type.bundle.ui-testing";
		};
/* End PBXNativeTarget section */

/* Begin PBXProject section */
		9640EA5728A6E085001C81A6 /* Project object */ = {
			isa = PBXProject;
			attributes = {
				LastSwiftUpdateCheck = 1240;
				LastUpgradeCheck = 1240;
				TargetAttributes = {
					9640EA5E28A6E085001C81A6 = {
						CreatedOnToolsVersion = 12.4;
					};
					9640EA7728A6E0A5001C81A6 = {
						CreatedOnToolsVersion = 12.4;
						TestTargetID = 9640EA5E28A6E085001C81A6;
					};
					9640EA8228A6E0A5001C81A6 = {
						CreatedOnToolsVersion = 12.4;
						TestTargetID = 9640EA5E28A6E085001C81A6;
					};
				};
			};
			buildConfigurationList = 9640EA5A28A6E085001C81A6 /* Build configuration list for PBXProject "register" */;
			compatibilityVersion = "Xcode 9.3";
			developmentRegion = en;
			hasScannedForEncodings = 0;
			knownRegions = (
				en,
				Base,
			);
			mainGroup = 9640EA5628A6E085001C81A6;
			productRefGroup = 9640EA6028A6E085001C81A6 /* Products */;
			projectDirPath = "";
			projectRoot = "";
			targets = (
				9640EA5E28A6E085001C81A6 /* register */,
				9640EA7728A6E0A5001C81A6 /* registerTests */,
				9640EA8228A6E0A5001C81A6 /* registerUITests */,
			);
		};
/* End PBXProject section */

/* Begin PBXResourcesBuildPhase section */
		9640EA5D28A6E085001C81A6 /* Resources */ = {
			isa = PBXResourcesBuildPhase;
			buildActionMask = 2147483647;
			files = (
				9640EA7228A6E0A5001C81A6 /* LaunchScreen.storyboard in Resources */,
				9640EA6F28A6E0A4001C81A6 /* Assets.xcassets in Resources */,
				9640EA6A28A6E085001C81A6 /* Main.storyboard in Resources */,
			);
			runOnlyForDeploymentPostprocessing = 0;
		};
		9640EA7628A6E0A5001C81A6 /* Resources */ = {
			isa = PBXResourcesBuildPhase;
			buildActionMask = 2147483647;
			files = (
			);
			runOnlyForDeploymentPostprocessing = 0;
		};
		9640EA8128A6E0A5001C81A6 /* Resources */ = {
			isa = PBXResourcesBuildPhase;
			buildActionMask = 2147483647;
			files = (
			);
			runOnlyForDeploymentPostprocessing = 0;
		};
/* End PBXResourcesBuildPhase section */

/* Begin PBXSourcesBuildPhase section */
		9640EA5B28A6E085001C81A6 /* Sources */ = {
			isa = PBXSourcesBuildPhase;
			buildActionMask = 2147483647;
			files = (
				9640EA6728A6E085001C81A6 /* ViewController.swift in Sources */,
				9640EA6328A6E085001C81A6 /* AppDelegate.swift in Sources */,
				9640EA6D28A6E085001C81A6 /* register.xcdatamodeld in Sources */,
				9640EA6528A6E085001C81A6 /* SceneDelegate.swift in Sources */,
			);
			runOnlyForDeploymentPostprocessing = 0;
		};
		9640EA7428A6E0A5001C81A6 /* Sources */ = {
			isa = PBXSourcesBuildPhase;
			buildActionMask = 2147483647;
			files = (
				9640EA7D28A6E0A5001C81A6 /* registerTests.swift in Sources */,
			);
			runOnlyForDeploymentPostprocessing = 0;
		};
		9640EA7F28A6E0A5001C81A6 /* Sources */ = {
			isa = PBXSourcesBuildPhase;
			buildActionMask = 2147483647;
			files = (
				9640EA8828A6E0A5001C81A6 /* registerUITests.swift in Sources */,
			);
			runOnlyForDeploymentPostprocessing = 0;
		};
/* End PBXSourcesBuildPhase section */

/* Begin PBXTargetDependency section */
		9640EA7A28A6E0A5001C81A6 /* PBXTargetDependency */ = {
			isa = PBXTargetDependency;
			target = 9640EA5E28A6E085001C81A6 /* register */;
			targetProxy = 9640EA7928A6E0A5001C81A6 /* PBXContainerItemProxy */;
		};
		9640EA8528A6E0A5001C81A6 /* PBXTargetDependency */ = {
			isa = PBXTargetDependency;
			target = 9640EA5E28A6E085001C81A6 /* register */;
			targetProxy = 9640EA8428A6E0A5001C81A6 /* PBXContainerItemProxy */;
		};
/* End PBXTargetDependency section */

/* Begin PBXVariantGroup section */
		9640EA6828A6E085001C81A6 /* Main.storyboard */ = {
			isa = PBXVariantGroup;
			children = (
				9640EA6928A6E085001C81A6 /* Base */,
			);
			name = Main.storyboard;
			sourceTree = "<group>";
		};
		9640EA7028A6E0A5001C81A6 /* LaunchScreen.storyboard */ = {
			isa = PBXVariantGroup;
			children = (
				9640EA7128A6E0A5001C81A6 /* Base */,
			);
			name = LaunchScreen.storyboard;
			sourceTree = "<group>";
		};
/* End PBXVariantGroup section */

/* Begin XCBuildConfiguration section */
		9640EA8A28A6E0A5001C81A6 /* Debug */ = {
			isa = XCBuildConfiguration;
			buildSettings = {
				ALWAYS_SEARCH_USER_PATHS = NO;
				CLANG_ANALYZER_NONNULL = YES;
				CLANG_ANALYZER_NUMBER_OBJECT_CONVERSION = YES_AGGRESSIVE;
				CLANG_CXX_LANGUAGE_STANDARD = "gnu++14";
				CLANG_CXX_LIBRARY = "libc++";
				CLANG_ENABLE_MODULES = YES;
				CLANG_ENABLE_OBJC_ARC = YES;
				CLANG_ENABLE_OBJC_WEAK = YES;
				CLANG_WARN_BLOCK_CAPTURE_AUTORELEASING = YES;
				CLANG_WARN_BOOL_CONVERSION = YES;
				CLANG_WARN_COMMA = YES;
				CLANG_WARN_CONSTANT_CONVERSION = YES;
				CLANG_WARN_DEPRECATED_OBJC_IMPLEMENTATIONS = YES;
				CLANG_WARN_DIRECT_OBJC_ISA_USAGE = YES_ERROR;
				CLANG_WARN_DOCUMENTATION_COMMENTS = YES;
				CLANG_WARN_EMPTY_BODY = YES;
				CLANG_WARN_ENUM_CONVERSION = YES;
				CLANG_WARN_INFINITE_RECURSION = YES;
				CLANG_WARN_INT_CONVERSION = YES;
				CLANG_WARN_NON_LITERAL_NULL_CONVERSION = YES;
				CLANG_WARN_OBJC_IMPLICIT_RETAIN_SELF = YES;
				CLANG_WARN_OBJC_LITERAL_CONVERSION = YES;
				CLANG_WARN_OBJC_ROOT_CLASS = YES_ERROR;
				CLANG_WARN_QUOTED_INCLUDE_IN_FRAMEWORK_HEADER = YES;
				CLANG_WARN_RANGE_LOOP_ANALYSIS = YES;
				CLANG_WARN_STRICT_PROTOTYPES = YES;
				CLANG_WARN_SUSPICIOUS_MOVE = YES;
				CLANG_WARN_UNGUARDED_AVAILABILITY = YES_AGGRESSIVE;
				CLANG_WARN_UNREACHABLE_CODE = YES;
				CLANG_WARN__DUPLICATE_METHOD_MATCH = YES;
				COPY_PHASE_STRIP = NO;
				DEBUG_INFORMATION_FORMAT = dwarf;
				ENABLE_STRICT_OBJC_MSGSEND = YES;
				ENABLE_TESTABILITY = YES;
				GCC_C_LANGUAGE_STANDARD = gnu11;
				GCC_DYNAMIC_NO_PIC = NO;
				GCC_NO_COMMON_BLOCKS = YES;
				GCC_OPTIMIZATION_LEVEL = 0;
				GCC_PREPROCESSOR_DEFINITIONS = (
					"DEBUG=1",
					"$(inherited)",
				);
				GCC_WARN_64_TO_32_BIT_CONVERSION = YES;
				GCC_WARN_ABOUT_RETURN_TYPE = YES_ERROR;
				GCC_WARN_UNDECLARED_SELECTOR = YES;
				GCC_WARN_UNINITIALIZED_AUTOS = YES_AGGRESSIVE;
				GCC_WARN_UNUSED_FUNCTION = YES;
				GCC_WARN_UNUSED_VARIABLE = YES;
				IPHONEOS_DEPLOYMENT_TARGET = 14.4;
				MTL_ENABLE_DEBUG_INFO = INCLUDE_SOURCE;
				MTL_FAST_MATH = YES;
				ONLY_ACTIVE_ARCH = YES;
				SDKROOT = iphoneos;
				SWIFT_ACTIVE_COMPILATION_CONDITIONS = DEBUG;
				SWIFT_OPTIMIZATION_LEVEL = "-Onone";
			};
			name = Debug;
		};
		9640EA8B28A6E0A5001C81A6 /* Release */ = {
			isa = XCBuildConfiguration;
			buildSettings = {
				ALWAYS_SEARCH_USER_PATHS = NO;
				CLANG_ANALYZER_NONNULL = YES;
				CLANG_ANALYZER_NUMBER_OBJECT_CONVERSION = YES_AGGRESSIVE;
				CLANG_CXX_LANGUAGE_STANDARD = "gnu++14";
				CLANG_CXX_LIBRARY = "libc++";
				CLANG_ENABLE_MODULES = YES;
				CLANG_ENABLE_OBJC_ARC = YES;
				CLANG_ENABLE_OBJC_WEAK = YES;
				CLANG_WARN_BLOCK_CAPTURE_AUTORELEASING = YES;
				CLANG_WARN_BOOL_CONVERSION = YES;
				CLANG_WARN_COMMA = YES;
				CLANG_WARN_CONSTANT_CONVERSION = YES;
				CLANG_WARN_DEPRECATED_OBJC_IMPLEMENTATIONS = YES;
				CLANG_WARN_DIRECT_OBJC_ISA_USAGE = YES_ERROR;
				CLANG_WARN_DOCUMENTATION_COMMENTS = YES;
				CLANG_WARN_EMPTY_BODY = YES;
				CLANG_WARN_ENUM_CONVERSION = YES;
				CLANG_WARN_INFINITE_RECURSION = YES;
				CLANG_WARN_INT_CONVERSION = YES;
				CLANG_WARN_NON_LITERAL_NULL_CONVERSION = YES;
				CLANG_WARN_OBJC_IMPLICIT_RETAIN_SELF = YES;
				CLANG_WARN_OBJC_LITERAL_CONVERSION = YES;
				CLANG_WARN_OBJC_ROOT_CLASS = YES_ERROR;
				CLANG_WARN_QUOTED_INCLUDE_IN_FRAMEWORK_HEADER = YES;
				CLANG_WARN_RANGE_LOOP_ANALYSIS = YES;
				CLANG_WARN_STRICT_PROTOTYPES = YES;
				CLANG_WARN_SUSPICIOUS_MOVE = YES;
				CLANG_WARN_UNGUARDED_AVAILABILITY = YES_AGGRESSIVE;
				CLANG_WARN_UNREACHABLE_CODE = YES;
				CLANG_WARN__DUPLICATE_METHOD_MATCH = YES;
				COPY_PHASE_STRIP = NO;
				DEBUG_INFORMATION_FORMAT = "dwarf-with-dsym";
				ENABLE_NS_ASSERTIONS = NO;
				ENABLE_STRICT_OBJC_MSGSEND = YES;
				GCC_C_LANGUAGE_STANDARD = gnu11;
				GCC_NO_COMMON_BLOCKS = YES;
				GCC_WARN_64_TO_32_BIT_CONVERSION = YES;
				GCC_WARN_ABOUT_RETURN_TYPE = YES_ERROR;
				GCC_WARN_UNDECLARED_SELECTOR = YES;
				GCC_WARN_UNINITIALIZED_AUTOS = YES_AGGRESSIVE;
				GCC_WARN_UNUSED_FUNCTION = YES;
				GCC_WARN_UNUSED_VARIABLE = YES;
				IPHONEOS_DEPLOYMENT_TARGET = 14.4;
				MTL_ENABLE_DEBUG_INFO = NO;
				MTL_FAST_MATH = YES;
				SDKROOT = iphoneos;
				SWIFT_COMPILATION_MODE = wholemodule;
				SWIFT_OPTIMIZATION_LEVEL = "-O";
				VALIDATE_PRODUCT = YES;
			};
			name = Release;
		};
		9640EA8D28A6E0A5001C81A6 /* Debug */ = {
			isa = XCBuildConfiguration;
			buildSettings = {
				ASSETCATALOG_COMPILER_APPICON_NAME = AppIcon;
				ASSETCATALOG_COMPILER_GLOBAL_ACCENT_COLOR_NAME = AccentColor;
				CODE_SIGN_STYLE = Automatic;
				INFOPLIST_FILE = register/Info.plist;
				LD_RUNPATH_SEARCH_PATHS = (
					"$(inherited)",
					"@executable_path/Frameworks",
				);
				PRODUCT_BUNDLE_IDENTIFIER = Banquemisr.register;
				PRODUCT_NAME = "$(TARGET_NAME)";
				SWIFT_VERSION = 5.0;
				TARGETED_DEVICE_FAMILY = "1,2";
			};
			name = Debug;
		};
		9640EA8E28A6E0A5001C81A6 /* Release */ = {
			isa = XCBuildConfiguration;
			buildSettings = {
				ASSETCATALOG_COMPILER_APPICON_NAME = AppIcon;
				ASSETCATALOG_COMPILER_GLOBAL_ACCENT_COLOR_NAME = AccentColor;
				CODE_SIGN_STYLE = Automatic;
				INFOPLIST_FILE = register/Info.plist;
				LD_RUNPATH_SEARCH_PATHS = (
					"$(inherited)",
					"@executable_path/Frameworks",
				);
				PRODUCT_BUNDLE_IDENTIFIER = Banquemisr.register;
				PRODUCT_NAME = "$(TARGET_NAME)";
				SWIFT_VERSION = 5.0;
				TARGETED_DEVICE_FAMILY = "1,2";
			};
			name = Release;
		};
		9640EA9028A6E0A5001C81A6 /* Debug */ = {
			isa = XCBuildConfiguration;
			buildSettings = {
				ALWAYS_EMBED_SWIFT_STANDARD_LIBRARIES = YES;
				BUNDLE_LOADER = "$(TEST_HOST)";
				CODE_SIGN_STYLE = Automatic;
				INFOPLIST_FILE = registerTests/Info.plist;
				IPHONEOS_DEPLOYMENT_TARGET = 14.4;
				LD_RUNPATH_SEARCH_PATHS = (
					"$(inherited)",
					"@executable_path/Frameworks",
					"@loader_path/Frameworks",
				);
				PRODUCT_BUNDLE_IDENTIFIER = Banquemisr.registerTests;
				PRODUCT_NAME = "$(TARGET_NAME)";
				SWIFT_VERSION = 5.0;
				TARGETED_DEVICE_FAMILY = "1,2";
				TEST_HOST = "$(BUILT_PRODUCTS_DIR)/register.app/register";
			};
			name = Debug;
		};
		9640EA9128A6E0A5001C81A6 /* Release */ = {
			isa = XCBuildConfiguration;
			buildSettings = {
				ALWAYS_EMBED_SWIFT_STANDARD_LIBRARIES = YES;
				BUNDLE_LOADER = "$(TEST_HOST)";
				CODE_SIGN_STYLE = Automatic;
				INFOPLIST_FILE = registerTests/Info.plist;
				IPHONEOS_DEPLOYMENT_TARGET = 14.4;
				LD_RUNPATH_SEARCH_PATHS = (
					"$(inherited)",
					"@executable_path/Frameworks",
					"@loader_path/Frameworks",
				);
				PRODUCT_BUNDLE_IDENTIFIER = Banquemisr.registerTests;
				PRODUCT_NAME = "$(TARGET_NAME)";
				SWIFT_VERSION = 5.0;
				TARGETED_DEVICE_FAMILY = "1,2";
				TEST_HOST = "$(BUILT_PRODUCTS_DIR)/register.app/register";
			};
			name = Release;
		};
		9640EA9328A6E0A5001C81A6 /* Debug */ = {
			isa = XCBuildConfiguration;
			buildSettings = {
				ALWAYS_EMBED_SWIFT_STANDARD_LIBRARIES = YES;
				CODE_SIGN_STYLE = Automatic;
				INFOPLIST_FILE = registerUITests/Info.plist;
				LD_RUNPATH_SEARCH_PATHS = (
					"$(inherited)",
					"@executable_path/Frameworks",
					"@loader_path/Frameworks",
				);
				PRODUCT_BUNDLE_IDENTIFIER = Banquemisr.registerUITests;
				PRODUCT_NAME = "$(TARGET_NAME)";
				SWIFT_VERSION = 5.0;
				TARGETED_DEVICE_FAMILY = "1,2";
				TEST_TARGET_NAME = register;
			};
			name = Debug;
		};
		9640EA9428A6E0A5001C81A6 /* Release */ = {
			isa = XCBuildConfiguration;
			buildSettings = {
				ALWAYS_EMBED_SWIFT_STANDARD_LIBRARIES = YES;
				CODE_SIGN_STYLE = Automatic;
				INFOPLIST_FILE = registerUITests/Info.plist;
				LD_RUNPATH_SEARCH_PATHS = (
					"$(inherited)",
					"@executable_path/Frameworks",
					"@loader_path/Frameworks",
				);
				PRODUCT_BUNDLE_IDENTIFIER = Banquemisr.registerUITests;
				PRODUCT_NAME = "$(TARGET_NAME)";
				SWIFT_VERSION = 5.0;
				TARGETED_DEVICE_FAMILY = "1,2";
				TEST_TARGET_NAME = register;
			};
			name = Release;
		};
/* End XCBuildConfiguration section */

/* Begin XCConfigurationList section */
		9640EA5A28A6E085001C81A6 /* Build configuration list for PBXProject "register" */ = {
			isa = XCConfigurationList;
			buildConfigurations = (
				9640EA8A28A6E0A5001C81A6 /* Debug */,
				9640EA8B28A6E0A5001C81A6 /* Release */,
			);
			defaultConfigurationIsVisible = 0;
			defaultConfigurationName = Release;
		};
		9640EA8C28A6E0A5001C81A6 /* Build configuration list for PBXNativeTarget "register" */ = {
			isa = XCConfigurationList;
			buildConfigurations = (
				9640EA8D28A6E0A5001C81A6 /* Debug */,
				9640EA8E28A6E0A5001C81A6 /* Release */,
			);
			defaultConfigurationIsVisible = 0;
			defaultConfigurationName = Release;
		};
		9640EA8F28A6E0A5001C81A6 /* Build configuration list for PBXNativeTarget "registerTests" */ = {
			isa = XCConfigurationList;
			buildConfigurations = (
				9640EA9028A6E0A5001C81A6 /* Debug */,
				9640EA9128A6E0A5001C81A6 /* Release */,
			);
			defaultConfigurationIsVisible = 0;
			defaultConfigurationName = Release;
		};
		9640EA9228A6E0A5001C81A6 /* Build configuration list for PBXNativeTarget "registerUITests" */ = {
			isa = XCConfigurationList;
			buildConfigurations = (
				9640EA9328A6E0A5001C81A6 /* Debug */,
				9640EA9428A6E0A5001C81A6 /* Release */,
			);
			defaultConfigurationIsVisible = 0;
			defaultConfigurationName = Release;
		};
/* End XCConfigurationList section */

/* Begin XCVersionGroup section */
		9640EA6B28A6E085001C81A6 /* register.xcdatamodeld */ = {
			isa = XCVersionGroup;
			children = (
				9640EA6C28A6E085001C81A6 /* register.xcdatamodel */,
			);
			currentVersion = 9640EA6C28A6E085001C81A6 /* register.xcdatamodel */;
			path = register.xcdatamodeld;
			sourceTree = "<group>";
			versionGroupType = wrapper.xcdatamodel;
		};
/* End XCVersionGroup section */
	};
	rootObject = 9640EA5728A6E085001C81A6 /* Project object */;
}
